
Microsoft Visual Studio Solution File, Format Version 12.00
# Visual Studio Version 17
VisualStudioVersion = 17.14.36109.1 d17.14
MinimumVisualStudioVersion = 10.0.40219.1
Project("{FAE04EC0-301F-11D3-BF4B-00C04F79EFBC}") = "UniCab", "UniCab\UniCab.csproj", "{982A1B58-4C9F-2BF7-8F63-F19C21618521}"
EndProject
Global
	GlobalSection(SolutionConfigurationPlatforms) = preSolution
		Debug|Any CPU = Debug|Any CPU
		Release|Any CPU = Release|Any CPU
	EndGlobalSection
	GlobalSection(ProjectConfigurationPlatforms) = postSolution
		{982A1B58-4C9F-2BF7-8F63-F19C21618521}.Debug|Any CPU.ActiveCfg = Debug|Any CPU
		{982A1B58-4C9F-2BF7-8F63-F19C21618521}.Debug|Any CPU.Build.0 = Debug|Any CPU
		{982A1B58-4C9F-2BF7-8F63-F19C21618521}.Release|Any CPU.ActiveCfg = Release|Any CPU
		{982A1B58-4C9F-2BF7-8F63-F19C21618521}.Release|Any CPU.Build.0 = Release|Any CPU
	EndGlobalSection
	GlobalSection(SolutionProperties) = preSolution
		HideSolutionNode = FALSE
	EndGlobalSection
	GlobalSection(ExtensibilityGlobals) = postSolution
		SolutionGuid = {855008AD-53CA-428A-AE86-CBA732856873}
	EndGlobalSection
EndGlobal
